PODS:
  - Realm (5.4.5):
    - Realm/Headers (= 5.4.5)
  - Realm/Headers (5.4.5)
  - RealmSwift (5.4.5):
    - Realm (= 5.4.5)

DEPENDENCIES:
  - RealmSwift

SPEC REPOS:
  https://github.com/CocoaPods/Specs.git:
    - Realm
    - RealmSwift

SPEC CHECKSUMS:
  Realm: 155c60aec98b1044a05d676017be6900a9ee93b6
  RealmSwift: fa80dc70fa91f762c2bc3d09328da92214b36bbb

PODFILE CHECKSUM: 166c6783da5e70713c518cb6288b78cfe4fb7071

COCOAPODS: 1.9.3
