// !$*UTF8*$!
{
	archiveVersion = 1;
	classes = {
	};
	objectVersion = 51;
	objects = {

/* Begin PBXBuildFile section */
		3F6614A020F6BB073214C823 /* Pods_Pomodoro.framework in Frameworks */ = {isa = PBXBuildFile; fileRef = 6A948DF208F6633B575A4BA4 /* Pods_Pomodoro.framework */; };
		986BEF7E252C439F007D3F1B /* Data.swift in Sources */ = {isa = PBXBuildFile; fileRef = 986BEF7D252C439F007D3F1B /* Data.swift */; };
		986BEF81252C43B1007D3F1B /* EditTableController.swift in Sources */ = {isa = PBXBuildFile; fileRef = 986BEF80252C43B1007D3F1B /* EditTableController.swift */; };
		986BEF85252D5D29007D3F1B /* TimerController.swift in Sources */ = {isa = PBXBuildFile; fileRef = 986BEF84252D5D29007D3F1B /* TimerController.swift */; };
		986BEFCD252DD623007D3F1B /* Spring.mp3 in Resources */ = {isa = PBXBuildFile; fileRef = 986BEFC9252DD623007D3F1B /* Spring.mp3 */; };
		986BEFCE252DD623007D3F1B /* Winter.mp3 in Resources */ = {isa = PBXBuildFile; fileRef = 986BEFCA252DD623007D3F1B /* Winter.mp3 */; };
		986BEFD4252DDE10007D3F1B /* Summer.mp3 in Resources */ = {isa = PBXBuildFile; fileRef = 986BEFD2252DDE10007D3F1B /* Summer.mp3 */; };
		986BEFD5252DDE10007D3F1B /* Autumn.mp3 in Resources */ = {isa = PBXBuildFile; fileRef = 986BEFD3252DDE10007D3F1B /* Autumn.mp3 */; };
		98AA65B22524598100AAC703 /* AppDelegate.swift in Sources */ = {isa = PBXBuildFile; fileRef = 98AA65B12524598100AAC703 /* AppDelegate.swift */; };
		98AA65B42524598100AAC703 /* SceneDelegate.swift in Sources */ = {isa = PBXBuildFile; fileRef = 98AA65B32524598100AAC703 /* SceneDelegate.swift */; };
		98AA65B92524598100AAC703 /* Main.storyboard in Resources */ = {isa = PBXBuildFile; fileRef = 98AA65B72524598100AAC703 /* Main.storyboard */; };
		98AA65BB2524598300AAC703 /* Assets.xcassets in Resources */ = {isa = PBXBuildFile; fileRef = 98AA65BA2524598300AAC703 /* Assets.xcassets */; };
		98AA65BE2524598300AAC703 /* LaunchScreen.storyboard in Resources */ = {isa = PBXBuildFile; fileRef = 98AA65BC2524598300AAC703 /* LaunchScreen.storyboard */; };
		98AA65CE25245DE900AAC703 /* TodosTableController.swift in Sources */ = {isa = PBXBuildFile; fileRef = 98AA65CD25245DE900AAC703 /* TodosTableController.swift */; };
		98AA65D5252460C100AAC703 /* TodoCell.swift in Sources */ = {isa = PBXBuildFile; fileRef = 98AA65D4252460C100AAC703 /* TodoCell.swift */; };
		98B80F6025393D48000AB18A /* LoginController.swift in Sources */ = {isa = PBXBuildFile; fileRef = 98B80F5F25393D48000AB18A /* LoginController.swift */; };
		98E55E1A2531E8410048DC7C /* MainMenuController.swift in Sources */ = {isa = PBXBuildFile; fileRef = 98E55E192531E8410048DC7C /* MainMenuController.swift */; };
		98E55E212531E9F80048DC7C /* SettingTableController.swift in Sources */ = {isa = PBXBuildFile; fileRef = 98E55E202531E9F80048DC7C /* SettingTableController.swift */; };
		98E55E2A2531F97A0048DC7C /* StyleCell.swift in Sources */ = {isa = PBXBuildFile; fileRef = 98E55E292531F97A0048DC7C /* StyleCell.swift */; };
		98E55E2E2531FA5F0048DC7C /* StyleTableController.swift in Sources */ = {isa = PBXBuildFile; fileRef = 98E55E2D2531FA5F0048DC7C /* StyleTableController.swift */; };
/* End PBXBuildFile section */

/* Begin PBXFileReference section */
		63B988DE772BFA600BED1C60 /* Pods-Pomodoro.debug.xcconfig */ = {isa = PBXFileReference; includeInIndex = 1; lastKnownFileType = text.xcconfig; name = "Pods-Pomodoro.debug.xcconfig"; path = "Target Support Files/Pods-Pomodoro/Pods-Pomodoro.debug.xcconfig"; sourceTree = "<group>"; };
		6A948DF208F6633B575A4BA4 /* Pods_Pomodoro.framework */ = {isa = PBXFileReference; explicitFileType = wrapper.framework; includeInIndex = 0; path = Pods_Pomodoro.framework; sourceTree = BUILT_PRODUCTS_DIR; };
		8723BCE8B3EE3FF412C9D043 /* Pods-Pomodoro.release.xcconfig */ = {isa = PBXFileReference; includeInIndex = 1; lastKnownFileType = text.xcconfig; name = "Pods-Pomodoro.release.xcconfig"; path = "Target Support Files/Pods-Pomodoro/Pods-Pomodoro.release.xcconfig"; sourceTree = "<group>"; };
		986BEF7D252C439F007D3F1B /* Data.swift */ = {isa = PBXFileReference; fileEncoding = 4; lastKnownFileType = sourcecode.swift; path = Data.swift; sourceTree = "<group>"; };
		986BEF80252C43B1007D3F1B /* EditTableController.swift */ = {isa = PBXFileReference; fileEncoding = 4; lastKnownFileType = sourcecode.swift; path = EditTableController.swift; sourceTree = "<group>"; };
		986BEF84252D5D29007D3F1B /* TimerController.swift */ = {isa = PBXFileReference; lastKnownFileType = sourcecode.swift; path = TimerController.swift; sourceTree = "<group>"; };
		986BEFC9252DD623007D3F1B /* Spring.mp3 */ = {isa = PBXFileReference; lastKnownFileType = audio.mp3; path = Spring.mp3; sourceTree = "<group>"; };
		986BEFCA252DD623007D3F1B /* Winter.mp3 */ = {isa = PBXFileReference; lastKnownFileType = audio.mp3; path = Winter.mp3; sourceTree = "<group>"; };
		986BEFD2252DDE10007D3F1B /* Summer.mp3 */ = {isa = PBXFileReference; lastKnownFileType = audio.mp3; path = Summer.mp3; sourceTree = "<group>"; };
		986BEFD3252DDE10007D3F1B /* Autumn.mp3 */ = {isa = PBXFileReference; lastKnownFileType = audio.mp3; path = Autumn.mp3; sourceTree = "<group>"; };
		98AA65AE2524598100AAC703 /* Pomodoro.app */ = {isa = PBXFileReference; explicitFileType = wrapper.application; includeInIndex = 0; path = Pomodoro.app; sourceTree = BUILT_PRODUCTS_DIR; };
		98AA65B12524598100AAC703 /* AppDelegate.swift */ = {isa = PBXFileReference; lastKnownFileType = sourcecode.swift; path = AppDelegate.swift; sourceTree = "<group>"; };
		98AA65B32524598100AAC703 /* SceneDelegate.swift */ = {isa = PBXFileReference; lastKnownFileType = sourcecode.swift; path = SceneDelegate.swift; sourceTree = "<group>"; };
		98AA65B82524598100AAC703 /* Base */ = {isa = PBXFileReference; lastKnownFileType = file.storyboard; name = Base; path = Base.lproj/Main.storyboard; sourceTree = "<group>"; };
		98AA65BA2524598300AAC703 /* Assets.xcassets */ = {isa = PBXFileReference; lastKnownFileType = folder.assetcatalog; path = Assets.xcassets; sourceTree = "<group>"; };
		98AA65BD2524598300AAC703 /* Base */ = {isa = PBXFileReference; lastKnownFileType = file.storyboard; name = Base; path = Base.lproj/LaunchScreen.storyboard; sourceTree = "<group>"; };
		98AA65BF2524598300AAC703 /* Info.plist */ = {isa = PBXFileReference; lastKnownFileType = text.plist.xml; path = Info.plist; sourceTree = "<group>"; };
		98AA65CD25245DE900AAC703 /* TodosTableController.swift */ = {isa = PBXFileReference; lastKnownFileType = sourcecode.swift; path = TodosTableController.swift; sourceTree = "<group>"; };
		98AA65D4252460C100AAC703 /* TodoCell.swift */ = {isa = PBXFileReference; lastKnownFileType = sourcecode.swift; path = TodoCell.swift; sourceTree = "<group>"; };
		98B80F5F25393D48000AB18A /* LoginController.swift */ = {isa = PBXFileReference; lastKnownFileType = sourcecode.swift; path = LoginController.swift; sourceTree = "<group>"; };
		98E55E192531E8410048DC7C /* MainMenuController.swift */ = {isa = PBXFileReference; lastKnownFileType = sourcecode.swift; path = MainMenuController.swift; sourceTree = "<group>"; };
		98E55E202531E9F80048DC7C /* SettingTableController.swift */ = {isa = PBXFileReference; lastKnownFileType = sourcecode.swift; path = SettingTableController.swift; sourceTree = "<group>"; };
		98E55E292531F97A0048DC7C /* StyleCell.swift */ = {isa = PBXFileReference; lastKnownFileType = sourcecode.swift; path = StyleCell.swift; sourceTree = "<group>"; };
		98E55E2D2531FA5F0048DC7C /* StyleTableController.swift */ = {isa = PBXFileReference; lastKnownFileType = sourcecode.swift; path = StyleTableController.swift; sourceTree = "<group>"; };
/* End PBXFileReference section */

/* Begin PBXFrameworksBuildPhase section */
		98AA65AB2524598100AAC703 /* Frameworks */ = {
			isa = PBXFrameworksBuildPhase;
			buildActionMask = 2147483647;
			files = (
				3F6614A020F6BB073214C823 /* Pods_Pomodoro.framework in Frameworks */,
			);
			runOnlyForDeploymentPostprocessing = 0;
		};
/* End PBXFrameworksBuildPhase section */

/* Begin PBXGroup section */
		986BEFC8252DD5E5007D3F1B /* Music */ = {
			isa = PBXGroup;
			children = (
				986BEFD3252DDE10007D3F1B /* Autumn.mp3 */,
				986BEFD2252DDE10007D3F1B /* Summer.mp3 */,
				986BEFC9252DD623007D3F1B /* Spring.mp3 */,
				986BEFCA252DD623007D3F1B /* Winter.mp3 */,
			);
			path = Music;
			sourceTree = "<group>";
		};
		98AA65A52524598100AAC703 = {
			isa = PBXGroup;
			children = (
				98AA65B02524598100AAC703 /* Pomodoro */,
				98AA65AF2524598100AAC703 /* Products */,
				DDA598A834E1CF678CA266BD /* Pods */,
				D859AC7A4D808F2624ED1BDC /* Frameworks */,
			);
			sourceTree = "<group>";
		};
		98AA65AF2524598100AAC703 /* Products */ = {
			isa = PBXGroup;
			children = (
				98AA65AE2524598100AAC703 /* Pomodoro.app */,
			);
			name = Products;
			sourceTree = "<group>";
		};
		98AA65B02524598100AAC703 /* Pomodoro */ = {
			isa = PBXGroup;
			children = (
				986BEFC8252DD5E5007D3F1B /* Music */,
				98AA65CA252459C600AAC703 /* Model */,
				98AA65C62524599D00AAC703 /* Controller */,
				98AA65C8252459A800AAC703 /* View */,
				98AA65BA2524598300AAC703 /* Assets.xcassets */,
				98AA65BF2524598300AAC703 /* Info.plist */,
			);
			path = Pomodoro;
			sourceTree = "<group>";
		};
		98AA65C62524599D00AAC703 /* Controller */ = {
			isa = PBXGroup;
			children = (
				986BEF80252C43B1007D3F1B /* EditTableController.swift */,
				98AA65B12524598100AAC703 /* AppDelegate.swift */,
				98AA65B32524598100AAC703 /* SceneDelegate.swift */,
				98AA65CD25245DE900AAC703 /* TodosTableController.swift */,
				98AA65D4252460C100AAC703 /* TodoCell.swift */,
				986BEF84252D5D29007D3F1B /* TimerController.swift */,
				98E55E192531E8410048DC7C /* MainMenuController.swift */,
				98E55E202531E9F80048DC7C /* SettingTableController.swift */,
				98E55E292531F97A0048DC7C /* StyleCell.swift */,
				98E55E2D2531FA5F0048DC7C /* StyleTableController.swift */,
				98B80F5F25393D48000AB18A /* LoginController.swift */,
			);
			path = Controller;
			sourceTree = "<group>";
		};
		98AA65C8252459A800AAC703 /* View */ = {
			isa = PBXGroup;
			children = (
				98AA65B72524598100AAC703 /* Main.storyboard */,
				98AA65BC2524598300AAC703 /* LaunchScreen.storyboard */,
			);
			path = View;
			sourceTree = "<group>";
		};
		98AA65CA252459C600AAC703 /* Model */ = {
			isa = PBXGroup;
			children = (
				986BEF7D252C439F007D3F1B /* Data.swift */,
			);
			path = Model;
			sourceTree = "<group>";
		};
		D859AC7A4D808F2624ED1BDC /* Frameworks */ = {
			isa = PBXGroup;
			children = (
				6A948DF208F6633B575A4BA4 /* Pods_Pomodoro.framework */,
			);
			name = Frameworks;
			sourceTree = "<group>";
		};
		DDA598A834E1CF678CA266BD /* Pods */ = {
			isa = PBXGroup;
			children = (
				63B988DE772BFA600BED1C60 /* Pods-Pomodoro.debug.xcconfig */,
				8723BCE8B3EE3FF412C9D043 /* Pods-Pomodoro.release.xcconfig */,
			);
			path = Pods;
			sourceTree = "<group>";
		};
/* End PBXGroup section */

/* Begin PBXNativeTarget section */
		98AA65AD2524598100AAC703 /* Pomodoro */ = {
			isa = PBXNativeTarget;
			buildConfigurationList = 98AA65C22524598300AAC703 /* Build configuration list for PBXNativeTarget "Pomodoro" */;
			buildPhases = (
				223A60D57459CB5B8335544A /* [CP] Check Pods Manifest.lock */,
				98AA65AA2524598100AAC703 /* Sources */,
				98AA65AB2524598100AAC703 /* Frameworks */,
				98AA65AC2524598100AAC703 /* Resources */,
				A62FD077AB903B00B04F4D21 /* [CP] Embed Pods Frameworks */,
			);
			buildRules = (
			);
			dependencies = (
			);
			name = Pomodoro;
			productName = Pomodoro;
			productReference = 98AA65AE2524598100AAC703 /* Pomodoro.app */;
			productType = "com.apple.product-type.application";
		};
/* End PBXNativeTarget section */

/* Begin PBXProject section */
		98AA65A62524598100AAC703 /* Project object */ = {
			isa = PBXProject;
			attributes = {
				LastSwiftUpdateCheck = 1200;
				LastUpgradeCheck = 1200;
				TargetAttributes = {
					98AA65AD2524598100AAC703 = {
						CreatedOnToolsVersion = 12.0.1;
					};
				};
			};
			buildConfigurationList = 98AA65A92524598100AAC703 /* Build configuration list for PBXProject "Pomodoro" */;
			compatibilityVersion = "Xcode 9.3";
			developmentRegion = en;
			hasScannedForEncodings = 0;
			knownRegions = (
				en,
				Base,
			);
			mainGroup = 98AA65A52524598100AAC703;
			productRefGroup = 98AA65AF2524598100AAC703 /* Products */;
			projectDirPath = "";
			projectRoot = "";
			targets = (
				98AA65AD2524598100AAC703 /* Pomodoro */,
			);
		};
/* End PBXProject section */

/* Begin PBXResourcesBuildPhase section */
		98AA65AC2524598100AAC703 /* Resources */ = {
			isa = PBXResourcesBuildPhase;
			buildActionMask = 2147483647;
			files = (
				98AA65BE2524598300AAC703 /* LaunchScreen.storyboard in Resources */,
				986BEFD4252DDE10007D3F1B /* Summer.mp3 in Resources */,
				986BEFCE252DD623007D3F1B /* Winter.mp3 in Resources */,
				986BEFD5252DDE10007D3F1B /* Autumn.mp3 in Resources */,
				98AA65BB2524598300AAC703 /* Assets.xcassets in Resources */,
				98AA65B92524598100AAC703 /* Main.storyboard in Resources */,
				986BEFCD252DD623007D3F1B /* Spring.mp3 in Resources */,
			);
			runOnlyForDeploymentPostprocessing = 0;
		};
/* End PBXResourcesBuildPhase section */

/* Begin PBXShellScriptBuildPhase section */
		223A60D57459CB5B8335544A /* [CP] Check Pods Manifest.lock */ = {
			isa = PBXShellScriptBuildPhase;
			buildActionMask = 2147483647;
			files = (
			);
			inputFileListPaths = (
			);
			inputPaths = (
				"${PODS_PODFILE_DIR_PATH}/Podfile.lock",
				"${PODS_ROOT}/Manifest.lock",
			);
			name = "[CP] Check Pods Manifest.lock";
			outputFileListPaths = (
			);
			outputPaths = (
				"$(DERIVED_FILE_DIR)/Pods-Pomodoro-checkManifestLockResult.txt",
			);
			runOnlyForDeploymentPostprocessing = 0;
			shellPath = /bin/sh;
			shellScript = "diff \"${PODS_PODFILE_DIR_PATH}/Podfile.lock\" \"${PODS_ROOT}/Manifest.lock\" > /dev/null\nif [ $? != 0 ] ; then\n    # print error to STDERR\n    echo \"error: The sandbox is not in sync with the Podfile.lock. Run 'pod install' or update your CocoaPods installation.\" >&2\n    exit 1\nfi\n# This output is used by Xcode 'outputs' to avoid re-running this script phase.\necho \"SUCCESS\" > \"${SCRIPT_OUTPUT_FILE_0}\"\n";
			showEnvVarsInLog = 0;
		};
		A62FD077AB903B00B04F4D21 /* [CP] Embed Pods Frameworks */ = {
			isa = PBXShellScriptBuildPhase;
			buildActionMask = 2147483647;
			files = (
			);
			inputFileListPaths = (
				"${PODS_ROOT}/Target Support Files/Pods-Pomodoro/Pods-Pomodoro-frameworks-${CONFIGURATION}-input-files.xcfilelist",
			);
			name = "[CP] Embed Pods Frameworks";
			outputFileListPaths = (
				"${PODS_ROOT}/Target Support Files/Pods-Pomodoro/Pods-Pomodoro-frameworks-${CONFIGURATION}-output-files.xcfilelist",
			);
			runOnlyForDeploymentPostprocessing = 0;
			shellPath = /bin/sh;
			shellScript = "\"${PODS_ROOT}/Target Support Files/Pods-Pomodoro/Pods-Pomodoro-frameworks.sh\"\n";
			showEnvVarsInLog = 0;
		};
/* End PBXShellScriptBuildPhase section */

/* Begin PBXSourcesBuildPhase section */
		98AA65AA2524598100AAC703 /* Sources */ = {
			isa = PBXSourcesBuildPhase;
			buildActionMask = 2147483647;
			files = (
				98E55E212531E9F80048DC7C /* SettingTableController.swift in Sources */,
				98B80F6025393D48000AB18A /* LoginController.swift in Sources */,
				98AA65B22524598100AAC703 /* AppDelegate.swift in Sources */,
				98E55E2E2531FA5F0048DC7C /* StyleTableController.swift in Sources */,
				98E55E2A2531F97A0048DC7C /* StyleCell.swift in Sources */,
				98E55E1A2531E8410048DC7C /* MainMenuController.swift in Sources */,
				986BEF81252C43B1007D3F1B /* EditTableController.swift in Sources */,
				986BEF7E252C439F007D3F1B /* Data.swift in Sources */,
				98AA65B42524598100AAC703 /* SceneDelegate.swift in Sources */,
				986BEF85252D5D29007D3F1B /* TimerController.swift in Sources */,
				98AA65CE25245DE900AAC703 /* TodosTableController.swift in Sources */,
				98AA65D5252460C100AAC703 /* TodoCell.swift in Sources */,
			);
			runOnlyForDeploymentPostprocessing = 0;
		};
/* End PBXSourcesBuildPhase section */

/* Begin PBXVariantGroup section */
		98AA65B72524598100AAC703 /* Main.storyboard */ = {
			isa = PBXVariantGroup;
			children = (
				98AA65B82524598100AAC703 /* Base */,
			);
			name = Main.storyboard;
			sourceTree = "<group>";
		};
		98AA65BC2524598300AAC703 /* LaunchScreen.storyboard */ = {
			isa = PBXVariantGroup;
			children = (
				98AA65BD2524598300AAC703 /* Base */,
			);
			name = LaunchScreen.storyboard;
			sourceTree = "<group>";
		};
/* End PBXVariantGroup section */

/* Begin XCBuildConfiguration section */
		98AA65C02524598300AAC703 /* Debug */ = {
			isa = XCBuildConfiguration;
			buildSettings = {
				ALWAYS_SEARCH_USER_PATHS = NO;
				CLANG_ANALYZER_NONNULL = YES;
				CLANG_ANALYZER_NUMBER_OBJECT_CONVERSION = YES_AGGRESSIVE;
				CLANG_CXX_LANGUAGE_STANDARD = "gnu++14";
				CLANG_CXX_LIBRARY = "libc++";
				CLANG_ENABLE_MODULES = YES;
				CLANG_ENABLE_OBJC_ARC = YES;
				CLANG_ENABLE_OBJC_WEAK = YES;
				CLANG_WARN_BLOCK_CAPTURE_AUTORELEASING = YES;
				CLANG_WARN_BOOL_CONVERSION = YES;
				CLANG_WARN_COMMA = YES;
				CLANG_WARN_CONSTANT_CONVERSION = YES;
				CLANG_WARN_DEPRECATED_OBJC_IMPLEMENTATIONS = YES;
				CLANG_WARN_DIRECT_OBJC_ISA_USAGE = YES_ERROR;
				CLANG_WARN_DOCUMENTATION_COMMENTS = YES;
				CLANG_WARN_EMPTY_BODY = YES;
				CLANG_WARN_ENUM_CONVERSION = YES;
				CLANG_WARN_INFINITE_RECURSION = YES;
				CLANG_WARN_INT_CONVERSION = YES;
				CLANG_WARN_NON_LITERAL_NULL_CONVERSION = YES;
				CLANG_WARN_OBJC_IMPLICIT_RETAIN_SELF = YES;
				CLANG_WARN_OBJC_LITERAL_CONVERSION = YES;
				CLANG_WARN_OBJC_ROOT_CLASS = YES_ERROR;
				CLANG_WARN_QUOTED_INCLUDE_IN_FRAMEWORK_HEADER = YES;
				CLANG_WARN_RANGE_LOOP_ANALYSIS = YES;
				CLANG_WARN_STRICT_PROTOTYPES = YES;
				CLANG_WARN_SUSPICIOUS_MOVE = YES;
				CLANG_WARN_UNGUARDED_AVAILABILITY = YES_AGGRESSIVE;
				CLANG_WARN_UNREACHABLE_CODE = YES;
				CLANG_WARN__DUPLICATE_METHOD_MATCH = YES;
				COPY_PHASE_STRIP = NO;
				DEBUG_INFORMATION_FORMAT = dwarf;
				ENABLE_STRICT_OBJC_MSGSEND = YES;
				ENABLE_TESTABILITY = YES;
				GCC_C_LANGUAGE_STANDARD = gnu11;
				GCC_DYNAMIC_NO_PIC = NO;
				GCC_NO_COMMON_BLOCKS = YES;
				GCC_OPTIMIZATION_LEVEL = 0;
				GCC_PREPROCESSOR_DEFINITIONS = (
					"DEBUG=1",
					"$(inherited)",
				);
				GCC_WARN_64_TO_32_BIT_CONVERSION = YES;
				GCC_WARN_ABOUT_RETURN_TYPE = YES_ERROR;
				GCC_WARN_UNDECLARED_SELECTOR = YES;
				GCC_WARN_UNINITIALIZED_AUTOS = YES_AGGRESSIVE;
				GCC_WARN_UNUSED_FUNCTION = YES;
				GCC_WARN_UNUSED_VARIABLE = YES;
				IPHONEOS_DEPLOYMENT_TARGET = 14.0;
				MTL_ENABLE_DEBUG_INFO = INCLUDE_SOURCE;
				MTL_FAST_MATH = YES;
				ONLY_ACTIVE_ARCH = YES;
				SDKROOT = iphoneos;
				SWIFT_ACTIVE_COMPILATION_CONDITIONS = DEBUG;
				SWIFT_OPTIMIZATION_LEVEL = "-Onone";
			};
			name = Debug;
		};
		98AA65C12524598300AAC703 /* Release */ = {
			isa = XCBuildConfiguration;
			buildSettings = {
				ALWAYS_SEARCH_USER_PATHS = NO;
				CLANG_ANALYZER_NONNULL = YES;
				CLANG_ANALYZER_NUMBER_OBJECT_CONVERSION = YES_AGGRESSIVE;
				CLANG_CXX_LANGUAGE_STANDARD = "gnu++14";
				CLANG_CXX_LIBRARY = "libc++";
				CLANG_ENABLE_MODULES = YES;
				CLANG_ENABLE_OBJC_ARC = YES;
				CLANG_ENABLE_OBJC_WEAK = YES;
				CLANG_WARN_BLOCK_CAPTURE_AUTORELEASING = YES;
				CLANG_WARN_BOOL_CONVERSION = YES;
				CLANG_WARN_COMMA = YES;
				CLANG_WARN_CONSTANT_CONVERSION = YES;
				CLANG_WARN_DEPRECATED_OBJC_IMPLEMENTATIONS = YES;
				CLANG_WARN_DIRECT_OBJC_ISA_USAGE = YES_ERROR;
				CLANG_WARN_DOCUMENTATION_COMMENTS = YES;
				CLANG_WARN_EMPTY_BODY = YES;
				CLANG_WARN_ENUM_CONVERSION = YES;
				CLANG_WARN_INFINITE_RECURSION = YES;
				CLANG_WARN_INT_CONVERSION = YES;
				CLANG_WARN_NON_LITERAL_NULL_CONVERSION = YES;
				CLANG_WARN_OBJC_IMPLICIT_RETAIN_SELF = YES;
				CLANG_WARN_OBJC_LITERAL_CONVERSION = YES;
				CLANG_WARN_OBJC_ROOT_CLASS = YES_ERROR;
				CLANG_WARN_QUOTED_INCLUDE_IN_FRAMEWORK_HEADER = YES;
				CLANG_WARN_RANGE_LOOP_ANALYSIS = YES;
				CLANG_WARN_STRICT_PROTOTYPES = YES;
				CLANG_WARN_SUSPICIOUS_MOVE = YES;
				CLANG_WARN_UNGUARDED_AVAILABILITY = YES_AGGRESSIVE;
				CLANG_WARN_UNREACHABLE_CODE = YES;
				CLANG_WARN__DUPLICATE_METHOD_MATCH = YES;
				COPY_PHASE_STRIP = NO;
				DEBUG_INFORMATION_FORMAT = "dwarf-with-dsym";
				ENABLE_NS_ASSERTIONS = NO;
				ENABLE_STRICT_OBJC_MSGSEND = YES;
				GCC_C_LANGUAGE_STANDARD = gnu11;
				GCC_NO_COMMON_BLOCKS = YES;
				GCC_WARN_64_TO_32_BIT_CONVERSION = YES;
				GCC_WARN_ABOUT_RETURN_TYPE = YES_ERROR;
				GCC_WARN_UNDECLARED_SELECTOR = YES;
				GCC_WARN_UNINITIALIZED_AUTOS = YES_AGGRESSIVE;
				GCC_WARN_UNUSED_FUNCTION = YES;
				GCC_WARN_UNUSED_VARIABLE = YES;
				IPHONEOS_DEPLOYMENT_TARGET = 14.0;
				MTL_ENABLE_DEBUG_INFO = NO;
				MTL_FAST_MATH = YES;
				SDKROOT = iphoneos;
				SWIFT_COMPILATION_MODE = wholemodule;
				SWIFT_OPTIMIZATION_LEVEL = "-O";
				VALIDATE_PRODUCT = YES;
			};
			name = Release;
		};
		98AA65C32524598300AAC703 /* Debug */ = {
			isa = XCBuildConfiguration;
			baseConfigurationReference = 63B988DE772BFA600BED1C60 /* Pods-Pomodoro.debug.xcconfig */;
			buildSettings = {
				ASSETCATALOG_COMPILER_APPICON_NAME = AppIcon;
				ASSETCATALOG_COMPILER_GLOBAL_ACCENT_COLOR_NAME = AccentColor;
				CODE_SIGN_STYLE = Automatic;
				DEVELOPMENT_TEAM = 6THNLL9H33;
				INFOPLIST_FILE = Pomodoro/Info.plist;
				LD_RUNPATH_SEARCH_PATHS = (
					"$(inherited)",
					"@executable_path/Frameworks",
				);
				PRODUCT_BUNDLE_IDENTIFIER = com.YichengJoe.Pomodoro;
				PRODUCT_NAME = "$(TARGET_NAME)";
				SWIFT_VERSION = 5.0;
				TARGETED_DEVICE_FAMILY = 1;
			};
			name = Debug;
		};
		98AA65C42524598300AAC703 /* Release */ = {
			isa = XCBuildConfiguration;
			baseConfigurationReference = 8723BCE8B3EE3FF412C9D043 /* Pods-Pomodoro.release.xcconfig */;
			buildSettings = {
				ASSETCATALOG_COMPILER_APPICON_NAME = AppIcon;
				ASSETCATALOG_COMPILER_GLOBAL_ACCENT_COLOR_NAME = AccentColor;
				CODE_SIGN_STYLE = Automatic;
				DEVELOPMENT_TEAM = 6THNLL9H33;
				INFOPLIST_FILE = Pomodoro/Info.plist;
				LD_RUNPATH_SEARCH_PATHS = (
					"$(inherited)",
					"@executable_path/Frameworks",
				);
				PRODUCT_BUNDLE_IDENTIFIER = com.YichengJoe.Pomodoro;
				PRODUCT_NAME = "$(TARGET_NAME)";
				SWIFT_VERSION = 5.0;
				TARGETED_DEVICE_FAMILY = 1;
			};
			name = Release;
		};
/* End XCBuildConfiguration section */

/* Begin XCConfigurationList section */
		98AA65A92524598100AAC703 /* Build configuration list for PBXProject "Pomodoro" */ = {
			isa = XCConfigurationList;
			buildConfigurations = (
				98AA65C02524598300AAC703 /* Debug */,
				98AA65C12524598300AAC703 /* Release */,
			);
			defaultConfigurationIsVisible = 0;
			defaultConfigurationName = Release;
		};
		98AA65C22524598300AAC703 /* Build configuration list for PBXNativeTarget "Pomodoro" */ = {
			isa = XCConfigurationList;
			buildConfigurations = (
				98AA65C32524598300AAC703 /* Debug */,
				98AA65C42524598300AAC703 /* Release */,
			);
			defaultConfigurationIsVisible = 0;
			defaultConfigurationName = Release;
		};
/* End XCConfigurationList section */
	};
	rootObject = 98AA65A62524598100AAC703 /* Project object */;
}
